
Microsoft Visual Studio Solution File, Format Version 12.00
# Visual Studio 15
VisualStudioVersion = 15.0.27703.2047
MinimumVisualStudioVersion = 10.0.40219.1
Project("{9A19103F-16F7-4668-BE54-9A1E7A4F7556}") = "BackgroundService", "BackgroundService.csproj", "{9F4888CF-A760-401C-A5FA-84569F382841}"
EndProject
Project("{E53339B2-1760-4266-BCC7-CA923CBCF16C}") = "docker-compose", "docker-compose.dcproj", "{52E3663B-ECBD-4334-8B6E-982F8329FDE6}"
EndProject
Global
	GlobalSection(SolutionConfigurationPlatforms) = preSolution
		Debug|Any CPU = Debug|Any CPU
		Release|Any CPU = Release|Any CPU
	EndGlobalSection
	GlobalSection(ProjectConfigurationPlatforms) = postSolution
		{9F4888CF-A760-401C-A5FA-84569F382841}.Debug|Any CPU.ActiveCfg = Debug|Any CPU
		{9F4888CF-A760-401C-A5FA-84569F382841}.Debug|Any CPU.Build.0 = Debug|Any CPU
		{9F4888CF-A760-401C-A5FA-84569F382841}.Release|Any CPU.ActiveCfg = Release|Any CPU
		{9F4888CF-A760-401C-A5FA-84569F382841}.Release|Any CPU.Build.0 = Release|Any CPU
		{52E3663B-ECBD-4334-8B6E-982F8329FDE6}.Debug|Any CPU.ActiveCfg = Debug|Any CPU
		{52E3663B-ECBD-4334-8B6E-982F8329FDE6}.Debug|Any CPU.Build.0 = Debug|Any CPU
		{52E3663B-ECBD-4334-8B6E-982F8329FDE6}.Release|Any CPU.ActiveCfg = Release|Any CPU
		{52E3663B-ECBD-4334-8B6E-982F8329FDE6}.Release|Any CPU.Build.0 = Release|Any CPU
	EndGlobalSection
	GlobalSection(SolutionProperties) = preSolution
		HideSolutionNode = FALSE
	EndGlobalSection
	GlobalSection(ExtensibilityGlobals) = postSolution
		SolutionGuid = {2F49F027-7C1B-407F-AD27-7F7F9A52AEE1}
	EndGlobalSection
EndGlobal
